
Microsoft Visual Studio Solution File, Format Version 11.00
# Visual Studio 2010
Project("{FAE04EC0-301F-11D3-BF4B-00C04F79EFBC}") = "InnerSoft.MeEncontre.Domain", "InnerSoft.MeEncontre.Domain.csproj", "{27CB0316-8C98-4BA5-B680-7F6A0D7BAEDF}"
EndProject
Global
	GlobalSection(SolutionConfigurationPlatforms) = preSolution
		Debug|Any CPU = Debug|Any CPU
		Release|Any CPU = Release|Any CPU
	EndGlobalSection
	GlobalSection(ProjectConfigurationPlatforms) = postSolution
		{27CB0316-8C98-4BA5-B680-7F6A0D7BAEDF}.Debug|Any CPU.ActiveCfg = Debug|Any CPU
		{27CB0316-8C98-4BA5-B680-7F6A0D7BAEDF}.Debug|Any CPU.Build.0 = Debug|Any CPU
		{27CB0316-8C98-4BA5-B680-7F6A0D7BAEDF}.Release|Any CPU.ActiveCfg = Release|Any CPU
		{27CB0316-8C98-4BA5-B680-7F6A0D7BAEDF}.Release|Any CPU.Build.0 = Release|Any CPU
	EndGlobalSection
	GlobalSection(SolutionProperties) = preSolution
		HideSolutionNode = FALSE
	EndGlobalSection
EndGlobal
